
Microsoft Visual Studio Solution File, Format Version 12.00
# Visual Studio Version 17
VisualStudioVersion = 17.4.33213.308
MinimumVisualStudioVersion = 10.0.40219.1
Project("{FAE04EC0-301F-11D3-BF4B-00C04F79EFBC}") = "ConsoleDataBase", "ConsoleDataBase\ConsoleDataBase.csproj", "{BB46AFF6-B3F2-4CEE-9FFD-B3EAC5C2E9DD}"
EndProject
Global
	GlobalSection(SolutionConfigurationPlatforms) = preSolution
		Debug|Any CPU = Debug|Any CPU
		Release|Any CPU = Release|Any CPU
	EndGlobalSection
	GlobalSection(ProjectConfigurationPlatforms) = postSolution
		{BB46AFF6-B3F2-4CEE-9FFD-B3EAC5C2E9DD}.Debug|Any CPU.ActiveCfg = Debug|Any CPU
		{BB46AFF6-B3F2-4CEE-9FFD-B3EAC5C2E9DD}.Debug|Any CPU.Build.0 = Debug|Any CPU
		{BB46AFF6-B3F2-4CEE-9FFD-B3EAC5C2E9DD}.Release|Any CPU.ActiveCfg = Release|Any CPU
		{BB46AFF6-B3F2-4CEE-9FFD-B3EAC5C2E9DD}.Release|Any CPU.Build.0 = Release|Any CPU
	EndGlobalSection
	GlobalSection(SolutionProperties) = preSolution
		HideSolutionNode = FALSE
	EndGlobalSection
	GlobalSection(ExtensibilityGlobals) = postSolution
		SolutionGuid = {CF8531C1-64FB-405F-B1BF-7FB9032FFD00}
	EndGlobalSection
EndGlobal
